Microsoft Visual Studio Solution File, Format Version 12.00
# Visual Studio Version 17
VisualStudioVersion = 17.5.2.0
MinimumVisualStudioVersion = 10.0.40219.1
Project("{FAE04EC0-301F-11D3-BF4B-00C04F79EFBC}") = "DisplayTable", "DisplayTable.csproj", "{76A08770-33B1-CA59-A967-D24FD8EEAF8F}"
EndProject
Global
	GlobalSection(SolutionConfigurationPlatforms) = preSolution
		Debug|Any CPU = Debug|Any CPU
		Release|Any CPU = Release|Any CPU
	EndGlobalSection
	GlobalSection(ProjectConfigurationPlatforms) = postSolution
		{76A08770-33B1-CA59-A967-D24FD8EEAF8F}.Debug|Any CPU.ActiveCfg = Debug|Any CPU
		{76A08770-33B1-CA59-A967-D24FD8EEAF8F}.Debug|Any CPU.Build.0 = Debug|Any CPU
		{76A08770-33B1-CA59-A967-D24FD8EEAF8F}.Release|Any CPU.ActiveCfg = Release|Any CPU
		{76A08770-33B1-CA59-A967-D24FD8EEAF8F}.Release|Any CPU.Build.0 = Release|Any CPU
	EndGlobalSection
	GlobalSection(SolutionProperties) = preSolution
		HideSolutionNode = FALSE
	EndGlobalSection
	GlobalSection(ExtensibilityGlobals) = postSolution
		SolutionGuid = {FE22ADBD-16B8-4137-8B77-F0A6E2202820}
	EndGlobalSection
EndGlobal
