
Microsoft Visual Studio Solution File, Format Version 12.00
# Visual Studio Version 17
VisualStudioVersion = 17.6.33815.320
MinimumVisualStudioVersion = 10.0.40219.1
Project("{FAE04EC0-301F-11D3-BF4B-00C04F79EFBC}") = "Phonetest2", "Phonetest2\Phonetest2.csproj", "{12821A3E-4F96-4566-B07F-B43D2699B523}"
EndProject
Global
	GlobalSection(SolutionConfigurationPlatforms) = preSolution
		Debug|Any CPU = Debug|Any CPU
		Release|Any CPU = Release|Any CPU
	EndGlobalSection
	GlobalSection(ProjectConfigurationPlatforms) = postSolution
		{12821A3E-4F96-4566-B07F-B43D2699B523}.Debug|Any CPU.ActiveCfg = Debug|Any CPU
		{12821A3E-4F96-4566-B07F-B43D2699B523}.Debug|Any CPU.Build.0 = Debug|Any CPU
		{12821A3E-4F96-4566-B07F-B43D2699B523}.Release|Any CPU.ActiveCfg = Release|Any CPU
		{12821A3E-4F96-4566-B07F-B43D2699B523}.Release|Any CPU.Build.0 = Release|Any CPU
	EndGlobalSection
	GlobalSection(SolutionProperties) = preSolution
		HideSolutionNode = FALSE
	EndGlobalSection
	GlobalSection(ExtensibilityGlobals) = postSolution
		SolutionGuid = {F2E72BF6-93B4-4E83-AB52-DB3C0816D3DB}
	EndGlobalSection
EndGlobal
