
Microsoft Visual Studio Solution File, Format Version 12.00
# Visual Studio Version 17
VisualStudioVersion = 17.6.33815.320
MinimumVisualStudioVersion = 10.0.40219.1
Project("{FAE04EC0-301F-11D3-BF4B-00C04F79EFBC}") = "PhoneBookTest", "PhoneBookTest\PhoneBookTest.csproj", "{50CFC97F-6185-4CAE-8DF2-75339F841602}"
EndProject
Global
	GlobalSection(SolutionConfigurationPlatforms) = preSolution
		Debug|Any CPU = Debug|Any CPU
		Release|Any CPU = Release|Any CPU
	EndGlobalSection
	GlobalSection(ProjectConfigurationPlatforms) = postSolution
		{50CFC97F-6185-4CAE-8DF2-75339F841602}.Debug|Any CPU.ActiveCfg = Debug|Any CPU
		{50CFC97F-6185-4CAE-8DF2-75339F841602}.Debug|Any CPU.Build.0 = Debug|Any CPU
		{50CFC97F-6185-4CAE-8DF2-75339F841602}.Release|Any CPU.ActiveCfg = Release|Any CPU
		{50CFC97F-6185-4CAE-8DF2-75339F841602}.Release|Any CPU.Build.0 = Release|Any CPU
	EndGlobalSection
	GlobalSection(SolutionProperties) = preSolution
		HideSolutionNode = FALSE
	EndGlobalSection
	GlobalSection(ExtensibilityGlobals) = postSolution
		SolutionGuid = {F9D540C9-8AF3-4FAD-8DDF-477754A8C8DC}
	EndGlobalSection
EndGlobal
